
Microsoft Visual Studio Solution File, Format Version 12.00
# Visual Studio Version 17
VisualStudioVersion = 17.14.36717.8 d17.14
MinimumVisualStudioVersion = 10.0.40219.1
Project("{FAE04EC0-301F-11D3-BF4B-00C04F79EFBC}") = "MgrokUtil", "NgrokUtil\MgrokUtil.csproj", "{CBE2D79A-CC71-427D-F297-CAFB28FE9C86}"
EndProject
Project("{FAE04EC0-301F-11D3-BF4B-00C04F79EFBC}") = "NgrokTunnelsConfig", "NgrokTunnelsConfig\NgrokTunnelsConfig.csproj", "{8673BAE3-35E3-C3F7-DA0D-A8CEE1AB3BAF}"
EndProject
Global
	GlobalSection(SolutionConfigurationPlatforms) = preSolution
		Debug|Any CPU = Debug|Any CPU
		Release|Any CPU = Release|Any CPU
	EndGlobalSection
	GlobalSection(ProjectConfigurationPlatforms) = postSolution
		{CBE2D79A-CC71-427D-F297-CAFB28FE9C86}.Debug|Any CPU.ActiveCfg = Debug|Any CPU
		{CBE2D79A-CC71-427D-F297-CAFB28FE9C86}.Debug|Any CPU.Build.0 = Debug|Any CPU
		{CBE2D79A-CC71-427D-F297-CAFB28FE9C86}.Release|Any CPU.ActiveCfg = Release|Any CPU
		{CBE2D79A-CC71-427D-F297-CAFB28FE9C86}.Release|Any CPU.Build.0 = Release|Any CPU
		{8673BAE3-35E3-C3F7-DA0D-A8CEE1AB3BAF}.Debug|Any CPU.ActiveCfg = Debug|Any CPU
		{8673BAE3-35E3-C3F7-DA0D-A8CEE1AB3BAF}.Debug|Any CPU.Build.0 = Debug|Any CPU
		{8673BAE3-35E3-C3F7-DA0D-A8CEE1AB3BAF}.Release|Any CPU.ActiveCfg = Release|Any CPU
		{8673BAE3-35E3-C3F7-DA0D-A8CEE1AB3BAF}.Release|Any CPU.Build.0 = Release|Any CPU
	EndGlobalSection
	GlobalSection(SolutionProperties) = preSolution
		HideSolutionNode = FALSE
	EndGlobalSection
	GlobalSection(ExtensibilityGlobals) = postSolution
		SolutionGuid = {8FAE8E89-1170-4ECA-85E6-592562CAC7B9}
	EndGlobalSection
EndGlobal
